
Microsoft Visual Studio Solution File, Format Version 12.00
# Visual Studio Version 17
VisualStudioVersion = 17.13.35931.197
MinimumVisualStudioVersion = 10.0.40219.1
Project("{2150E333-8FDC-42A3-9474-1A3956D46DE8}") = "0 - Presentation", "0 - Presentation", "{02EA681E-C7D8-13C7-8484-4AC65E1B71E8}"
EndProject
Project("{2150E333-8FDC-42A3-9474-1A3956D46DE8}") = "1 - Domain", "1 - Domain", "{D434CC68-4B0E-4305-B8D7-C6543F66375A}"
EndProject
Project("{2150E333-8FDC-42A3-9474-1A3956D46DE8}") = "2 - Infrastructure", "2 - Infrastructure", "{4E920001-FA62-4621-8644-89FD77A33BC0}"
EndProject
Project("{FAE04EC0-301F-11D3-BF4B-00C04F79EFBC}") = "Bank.Management.Api", "Bank.Management.Api\Bank.Management.Api.csproj", "{39A6F4D9-EB8D-453B-B16A-9A0C4508FD53}"
EndProject
Project("{FAE04EC0-301F-11D3-BF4B-00C04F79EFBC}") = "Bank.Management.Infraestructure.Data.PostgreSQL", "Bank.Management.Infraestructure.Data.PostgreSQL\Bank.Management.Infraestructure.Data.PostgreSQL.csproj", "{72F6C87A-51CF-438E-95FE-0682A3D25CD2}"
EndProject
Project("{FAE04EC0-301F-11D3-BF4B-00C04F79EFBC}") = "Bank.Management.Domain", "Bank.Management.Infraestructure.Domain\Bank.Management.Domain.csproj", "{FF0F4D31-470E-42FF-BD7E-5F4ADE3E02F5}"
EndProject
Project("{FAE04EC0-301F-11D3-BF4B-00C04F79EFBC}") = "Bank.Management.Infraestructure.Queries", "Bank.Management.Infraestructure.Queries\Bank.Management.Infraestructure.Queries.csproj", "{41F5A0E3-B496-42E0-94DC-D75759645A1A}"
EndProject
Global
	GlobalSection(SolutionConfigurationPlatforms) = preSolution
		Debug|Any CPU = Debug|Any CPU
		Release|Any CPU = Release|Any CPU
	EndGlobalSection
	GlobalSection(ProjectConfigurationPlatforms) = postSolution
		{39A6F4D9-EB8D-453B-B16A-9A0C4508FD53}.Debug|Any CPU.ActiveCfg = Debug|Any CPU
		{39A6F4D9-EB8D-453B-B16A-9A0C4508FD53}.Debug|Any CPU.Build.0 = Debug|Any CPU
		{39A6F4D9-EB8D-453B-B16A-9A0C4508FD53}.Release|Any CPU.ActiveCfg = Release|Any CPU
		{39A6F4D9-EB8D-453B-B16A-9A0C4508FD53}.Release|Any CPU.Build.0 = Release|Any CPU
		{72F6C87A-51CF-438E-95FE-0682A3D25CD2}.Debug|Any CPU.ActiveCfg = Debug|Any CPU
		{72F6C87A-51CF-438E-95FE-0682A3D25CD2}.Debug|Any CPU.Build.0 = Debug|Any CPU
		{72F6C87A-51CF-438E-95FE-0682A3D25CD2}.Release|Any CPU.ActiveCfg = Release|Any CPU
		{72F6C87A-51CF-438E-95FE-0682A3D25CD2}.Release|Any CPU.Build.0 = Release|Any CPU
		{FF0F4D31-470E-42FF-BD7E-5F4ADE3E02F5}.Debug|Any CPU.ActiveCfg = Debug|Any CPU
		{FF0F4D31-470E-42FF-BD7E-5F4ADE3E02F5}.Debug|Any CPU.Build.0 = Debug|Any CPU
		{FF0F4D31-470E-42FF-BD7E-5F4ADE3E02F5}.Release|Any CPU.ActiveCfg = Release|Any CPU
		{FF0F4D31-470E-42FF-BD7E-5F4ADE3E02F5}.Release|Any CPU.Build.0 = Release|Any CPU
		{41F5A0E3-B496-42E0-94DC-D75759645A1A}.Debug|Any CPU.ActiveCfg = Debug|Any CPU
		{41F5A0E3-B496-42E0-94DC-D75759645A1A}.Debug|Any CPU.Build.0 = Debug|Any CPU
		{41F5A0E3-B496-42E0-94DC-D75759645A1A}.Release|Any CPU.ActiveCfg = Release|Any CPU
		{41F5A0E3-B496-42E0-94DC-D75759645A1A}.Release|Any CPU.Build.0 = Release|Any CPU
	EndGlobalSection
	GlobalSection(SolutionProperties) = preSolution
		HideSolutionNode = FALSE
	EndGlobalSection
	GlobalSection(NestedProjects) = preSolution
		{39A6F4D9-EB8D-453B-B16A-9A0C4508FD53} = {02EA681E-C7D8-13C7-8484-4AC65E1B71E8}
		{72F6C87A-51CF-438E-95FE-0682A3D25CD2} = {4E920001-FA62-4621-8644-89FD77A33BC0}
		{FF0F4D31-470E-42FF-BD7E-5F4ADE3E02F5} = {D434CC68-4B0E-4305-B8D7-C6543F66375A}
		{41F5A0E3-B496-42E0-94DC-D75759645A1A} = {4E920001-FA62-4621-8644-89FD77A33BC0}
	EndGlobalSection
	GlobalSection(ExtensibilityGlobals) = postSolution
		SolutionGuid = {6F475E36-69B5-4571-BAAD-DFA6FB449D51}
	EndGlobalSection
EndGlobal
